
Microsoft Visual Studio Solution File, Format Version 12.00
# Visual Studio 15
VisualStudioVersion = 15.0.27004.2009
MinimumVisualStudioVersion = 10.0.40219.1
Project("{FAE04EC0-301F-11D3-BF4B-00C04F79EFBC}") = "PKHeX", "PKHeX.csproj", "{B4EFF030-C75A-49F9-A4BC-738D1B61C4AF}"
EndProject
Project("{FAE04EC0-301F-11D3-BF4B-00C04F79EFBC}") = "PKHeX.WinForms", "PKHeX.WinForms\PKHeX.WinForms.csproj", "{D1B91861-A448-4762-A313-C7BC179F4415}"
EndProject
Project("{9A19103F-16F7-4668-BE54-9A1E7A4F7556}") = "PKHeX.Core", "PKHeX.Core\PKHeX.Core.csproj", "{B0AE1139-F3C7-435D-8DD5-A4D273833221}"
EndProject
Global
	GlobalSection(SolutionConfigurationPlatforms) = preSolution
		Debug|Any CPU = Debug|Any CPU
		Debug|x86 = Debug|x86
		Mono-Debug|Any CPU = Mono-Debug|Any CPU
		Mono-Debug|x86 = Mono-Debug|x86
		Mono-Release|Any CPU = Mono-Release|Any CPU
		Mono-Release|x86 = Mono-Release|x86
		Release|Any CPU = Release|Any CPU
		Release|x86 = Release|x86
	EndGlobalSection
	GlobalSection(ProjectConfigurationPlatforms) = postSolution
		{B4EFF030-C75A-49F9-A4BC-738D1B61C4AF}.Debug|Any CPU.ActiveCfg = Debug|x86
		{B4EFF030-C75A-49F9-A4BC-738D1B61C4AF}.Debug|x86.ActiveCfg = Debug|x86
		{B4EFF030-C75A-49F9-A4BC-738D1B61C4AF}.Debug|x86.Build.0 = Debug|x86
		{B4EFF030-C75A-49F9-A4BC-738D1B61C4AF}.Mono-Debug|Any CPU.ActiveCfg = ClickOnce-Release|x86
		{B4EFF030-C75A-49F9-A4BC-738D1B61C4AF}.Mono-Debug|Any CPU.Build.0 = ClickOnce-Release|x86
		{B4EFF030-C75A-49F9-A4BC-738D1B61C4AF}.Mono-Debug|x86.ActiveCfg = Debug|x86
		{B4EFF030-C75A-49F9-A4BC-738D1B61C4AF}.Mono-Debug|x86.Build.0 = Debug|x86
		{B4EFF030-C75A-49F9-A4BC-738D1B61C4AF}.Mono-Release|Any CPU.ActiveCfg = ClickOnce-Release|x86
		{B4EFF030-C75A-49F9-A4BC-738D1B61C4AF}.Mono-Release|Any CPU.Build.0 = ClickOnce-Release|x86
		{B4EFF030-C75A-49F9-A4BC-738D1B61C4AF}.Mono-Release|x86.ActiveCfg = Release|x86
		{B4EFF030-C75A-49F9-A4BC-738D1B61C4AF}.Mono-Release|x86.Build.0 = Release|x86
		{B4EFF030-C75A-49F9-A4BC-738D1B61C4AF}.Release|Any CPU.ActiveCfg = Release|x86
		{B4EFF030-C75A-49F9-A4BC-738D1B61C4AF}.Release|x86.ActiveCfg = Release|x86
		{B4EFF030-C75A-49F9-A4BC-738D1B61C4AF}.Release|x86.Build.0 = Release|x86
		{D1B91861-A448-4762-A313-C7BC179F4415}.Debug|Any CPU.ActiveCfg = Debug|Any CPU
		{D1B91861-A448-4762-A313-C7BC179F4415}.Debug|Any CPU.Build.0 = Debug|Any CPU
		{D1B91861-A448-4762-A313-C7BC179F4415}.Debug|x86.ActiveCfg = Debug|x86
		{D1B91861-A448-4762-A313-C7BC179F4415}.Debug|x86.Build.0 = Debug|x86
		{D1B91861-A448-4762-A313-C7BC179F4415}.Mono-Debug|Any CPU.ActiveCfg = Mono-Debug|Any CPU
		{D1B91861-A448-4762-A313-C7BC179F4415}.Mono-Debug|Any CPU.Build.0 = Mono-Debug|Any CPU
		{D1B91861-A448-4762-A313-C7BC179F4415}.Mono-Debug|x86.ActiveCfg = Mono-Debug|x86
		{D1B91861-A448-4762-A313-C7BC179F4415}.Mono-Debug|x86.Build.0 = Mono-Debug|x86
		{D1B91861-A448-4762-A313-C7BC179F4415}.Mono-Release|Any CPU.ActiveCfg = Mono-Release|Any CPU
		{D1B91861-A448-4762-A313-C7BC179F4415}.Mono-Release|Any CPU.Build.0 = Mono-Release|Any CPU
		{D1B91861-A448-4762-A313-C7BC179F4415}.Mono-Release|x86.ActiveCfg = Mono-Release|x86
		{D1B91861-A448-4762-A313-C7BC179F4415}.Mono-Release|x86.Build.0 = Mono-Release|x86
		{D1B91861-A448-4762-A313-C7BC179F4415}.Release|Any CPU.ActiveCfg = Release|Any CPU
		{D1B91861-A448-4762-A313-C7BC179F4415}.Release|Any CPU.Build.0 = Release|Any CPU
		{D1B91861-A448-4762-A313-C7BC179F4415}.Release|x86.ActiveCfg = Release|x86
		{D1B91861-A448-4762-A313-C7BC179F4415}.Release|x86.Build.0 = Release|x86
		{B0AE1139-F3C7-435D-8DD5-A4D273833221}.Debug|Any CPU.ActiveCfg = Debug|Any CPU
		{B0AE1139-F3C7-435D-8DD5-A4D273833221}.Debug|Any CPU.Build.0 = Debug|Any CPU
		{B0AE1139-F3C7-435D-8DD5-A4D273833221}.Debug|x86.ActiveCfg = Debug|Any CPU
		{B0AE1139-F3C7-435D-8DD5-A4D273833221}.Debug|x86.Build.0 = Debug|Any CPU
		{B0AE1139-F3C7-435D-8DD5-A4D273833221}.Mono-Debug|Any CPU.ActiveCfg = Debug|Any CPU
		{B0AE1139-F3C7-435D-8DD5-A4D273833221}.Mono-Debug|Any CPU.Build.0 = Debug|Any CPU
		{B0AE1139-F3C7-435D-8DD5-A4D273833221}.Mono-Debug|x86.ActiveCfg = Debug|Any CPU
		{B0AE1139-F3C7-435D-8DD5-A4D273833221}.Mono-Debug|x86.Build.0 = Debug|Any CPU
		{B0AE1139-F3C7-435D-8DD5-A4D273833221}.Mono-Release|Any CPU.ActiveCfg = Release|Any CPU
		{B0AE1139-F3C7-435D-8DD5-A4D273833221}.Mono-Release|Any CPU.Build.0 = Release|Any CPU
		{B0AE1139-F3C7-435D-8DD5-A4D273833221}.Mono-Release|x86.ActiveCfg = Release|Any CPU
		{B0AE1139-F3C7-435D-8DD5-A4D273833221}.Mono-Release|x86.Build.0 = Release|Any CPU
		{B0AE1139-F3C7-435D-8DD5-A4D273833221}.Release|Any CPU.ActiveCfg = Release|Any CPU
		{B0AE1139-F3C7-435D-8DD5-A4D273833221}.Release|Any CPU.Build.0 = Release|Any CPU
		{B0AE1139-F3C7-435D-8DD5-A4D273833221}.Release|x86.ActiveCfg = Release|Any CPU
		{B0AE1139-F3C7-435D-8DD5-A4D273833221}.Release|x86.Build.0 = Release|Any CPU
	EndGlobalSection
	GlobalSection(SolutionProperties) = preSolution
		HideSolutionNode = FALSE
	EndGlobalSection
	GlobalSection(ExtensibilityGlobals) = postSolution
		SolutionGuid = {F7AA461C-62AE-472F-8721-03B5CA09BE64}
	EndGlobalSection
EndGlobal
